<?xml version="1.0" encoding="utf-8"?>
<Project ToolsVersion="4.0" xmlns="http://schemas.microsoft.com/developer/msbuild/2003">
  <ItemGroup>
    <Filter Include="Source Files">
      <UniqueIdentifier>{4FC737F1-C7A5-4376-A066-2A32D752A2FF}</UniqueIdentifier>
      <Extensions>cpp;c;cc;cxx;c++;cppm;ixx;def;odl;idl;hpj;bat;asm;asmx</Extensions>
    </Filter>
    <Filter Include="Header Files">
      <UniqueIdentifier>{93995380-89BD-4b04-88EB-625FBE52EBFB}</UniqueIdentifier>
      <Extensions>h;hh;hpp;hxx;h++;hm;inl;inc;ipp;xsd</Extensions>
    </Filter>
    <Filter Include="Resource Files">
      <UniqueIdentifier>{67DA6AB6-F800-4c08-8B7A-83BB121AAD01}</UniqueIdentifier>
      <Extensions>rc;ico;cur;bmp;dlg;rc2;rct;bin;rgs;gif;jpg;jpeg;jpe;resx;tiff;tif;png;wav;mfcribbon-ms</Extensions>
    </Filter>
    <Filter Include="shaders">
      <UniqueIdentifier>{ae51c7c8-6624-49d3-b6cd-8d048b805d7e}</UniqueIdentifier>
    </Filter>
    <Filter Include="3D">
      <UniqueIdentifier>{ce4248c7-65c1-4e39-bcdb-a7c9d3ce2756}</UniqueIdentifier>
    </Filter>
    <Filter Include="3D\Shaders">
      <UniqueIdentifier>{f48b8243-8529-4113-b43b-5204d8bef5e4}</UniqueIdentifier>
    </Filter>
    <Filter Include="3D\Header Files">
      <UniqueIdentifier>{e025d607-7d59-4ac1-a648-bc95c90b2e81}</UniqueIdentifier>
    </Filter>
    <Filter Include="3D\Source Files">
      <UniqueIdentifier>{b0819f8f-e930-4db8-ba48-7f47c7ff770d}</UniqueIdentifier>
    </Filter>
  </ItemGroup>
  <ItemGroup>
    <ClCompile Include="EntryPoint.cpp">
      <Filter>Source Files</Filter>
    </ClCompile>
    <ClCompile Include="Window.cpp">
      <Filter>Source Files</Filter>
    </ClCompile>
    <ClCompile Include="Canvas2D.cpp">
      <Filter>Source Files</Filter>
    </ClCompile>
    <ClCompile Include="GDIPlusManager.cpp">
      <Filter>Source Files</Filter>
    </ClCompile>
    <ClCompile Include="Image2D.cpp">
      <Filter>Source Files</Filter>
    </ClCompile>
    <ClCompile Include="Canvas3D.cpp">
      <Filter>3D\Source Files</Filter>
    </ClCompile>
    <ClCompile Include="Texture.cpp">
      <Filter>3D\Source Files</Filter>
    </ClCompile>
  </ItemGroup>
  <ItemGroup>
    <ClInclude Include="Window.h">
      <Filter>Header Files</Filter>
    </ClInclude>
    <ClInclude Include="resource.h">
      <Filter>Header Files</Filter>
    </ClInclude>
    <ClInclude Include="Canvas2D.h">
      <Filter>Header Files</Filter>
    </ClInclude>
    <ClInclude Include="GDIPlusManager.h">
      <Filter>Header Files</Filter>
    </ClInclude>
    <ClInclude Include="Image2D.h">
      <Filter>Header Files</Filter>
    </ClInclude>
    <ClInclude Include="ColorType.h">
      <Filter>Header Files</Filter>
    </ClInclude>
    <ClInclude Include="Canvas3D.h">
      <Filter>3D\Header Files</Filter>
    </ClInclude>
    <ClInclude Include="Shader.h">
      <Filter>3D\Header Files</Filter>
    </ClInclude>
    <ClInclude Include="VertexShader.h">
      <Filter>3D\Header Files</Filter>
    </ClInclude>
    <ClInclude Include="PixelShader.h">
      <Filter>3D\Header Files</Filter>
    </ClInclude>
    <ClInclude Include="ObjectBuffer.h">
      <Filter>3D\Header Files</Filter>
    </ClInclude>
    <ClInclude Include="Cube.h">
      <Filter>3D\Header Files</Filter>
    </ClInclude>
    <ClInclude Include="Texture.h">
      <Filter>3D\Header Files</Filter>
    </ClInclude>
    <ClInclude Include="CanvasAccesser.h">
      <Filter>3D\Header Files</Filter>
    </ClInclude>
    <ClInclude Include="ConstantBuffer.h">
      <Filter>3D\Header Files</Filter>
    </ClInclude>
    <ClInclude Include="Paper.h">
      <Filter>3D\Header Files</Filter>
    </ClInclude>
    <ClInclude Include="TexturedCube.h">
      <Filter>3D\Header Files</Filter>
    </ClInclude>
  </ItemGroup>
  <ItemGroup>
    <ResourceCompile Include="Penther.rc">
      <Filter>Resource Files</Filter>
    </ResourceCompile>
  </ItemGroup>
  <ItemGroup>
    <Image Include="piksel_logo.ico">
      <Filter>Resource Files</Filter>
    </Image>
  </ItemGroup>
  <ItemGroup>
    <FxCompile Include="Canvas2DPixelShader.hlsl">
      <Filter>shaders</Filter>
    </FxCompile>
    <FxCompile Include="Canvas2DVertexShader.hlsl">
      <Filter>shaders</Filter>
    </FxCompile>
    <FxCompile Include="VertexShader.hlsl">
      <Filter>3D\Shaders</Filter>
    </FxCompile>
    <FxCompile Include="PixelShader.hlsl">
      <Filter>3D\Shaders</Filter>
    </FxCompile>
    <FxCompile Include="VertexShaderTex.hlsl">
      <Filter>3D\Shaders</Filter>
    </FxCompile>
    <FxCompile Include="PixelShaderTex.hlsl">
      <Filter>3D\Shaders</Filter>
    </FxCompile>
  </ItemGroup>
</Project>